// !$*UTF8*$!
{
	archiveVersion = 1;
	classes = {
	};
	objectVersion = 56;
	objects = {

/* Begin PBXBuildFile section */
		2E18CBE029AABFDF000AB74F /* AddNewMealCell.swift in Sources */ = {isa = PBXBuildFile; fileRef = 2E18CBDE29AABFDF000AB74F /* AddNewMealCell.swift */; };
		2E18CBE129AABFDF000AB74F /* AddNewMealCell.xib in Resources */ = {isa = PBXBuildFile; fileRef = 2E18CBDF29AABFDF000AB74F /* AddNewMealCell.xib */; };
		2E53D97129A5A91C0090B7D5 /* AddMealViewController.swift in Sources */ = {isa = PBXBuildFile; fileRef = 2E53D97029A5A91C0090B7D5 /* AddMealViewController.swift */; };
		2E7B597F29A5636B00F2A30C /* AppDelegate.swift in Sources */ = {isa = PBXBuildFile; fileRef = 2E7B597E29A5636B00F2A30C /* AppDelegate.swift */; };
		2E7B598129A5636B00F2A30C /* SceneDelegate.swift in Sources */ = {isa = PBXBuildFile; fileRef = 2E7B598029A5636B00F2A30C /* SceneDelegate.swift */; };
		2E7B598629A5636B00F2A30C /* Main.storyboard in Resources */ = {isa = PBXBuildFile; fileRef = 2E7B598429A5636B00F2A30C /* Main.storyboard */; };
		2E7B598929A5636B00F2A30C /* Dinner_Time.xcdatamodeld in Sources */ = {isa = PBXBuildFile; fileRef = 2E7B598729A5636B00F2A30C /* Dinner_Time.xcdatamodeld */; };
		2E7B598B29A5636C00F2A30C /* Assets.xcassets in Resources */ = {isa = PBXBuildFile; fileRef = 2E7B598A29A5636C00F2A30C /* Assets.xcassets */; };
		2E7B598E29A5636C00F2A30C /* LaunchScreen.storyboard in Resources */ = {isa = PBXBuildFile; fileRef = 2E7B598C29A5636C00F2A30C /* LaunchScreen.storyboard */; };
		2E7B599D29A566B600F2A30C /* SWRevealViewController.m in Sources */ = {isa = PBXBuildFile; fileRef = 2E7B599B29A566B600F2A30C /* SWRevealViewController.m */; };
		2E7B599F29A5679700F2A30C /* FamilyMemberViewController.swift in Sources */ = {isa = PBXBuildFile; fileRef = 2E7B599E29A5679700F2A30C /* FamilyMemberViewController.swift */; };
		2E7B59A129A567A100F2A30C /* CollectionViewController.swift in Sources */ = {isa = PBXBuildFile; fileRef = 2E7B59A029A567A100F2A30C /* CollectionViewController.swift */; };
		2E7B59A329A56DA000F2A30C /* MealViewController.swift in Sources */ = {isa = PBXBuildFile; fileRef = 2E7B59A229A56DA000F2A30C /* MealViewController.swift */; };
		2E9ED4AA29A7FFAE00F8F054 /* SaveLoadData.swift in Sources */ = {isa = PBXBuildFile; fileRef = 2E9ED4A929A7FFAE00F8F054 /* SaveLoadData.swift */; };
		2EE1668129A6AB9700219FFD /* CurrentMealCell.swift in Sources */ = {isa = PBXBuildFile; fileRef = 2EE1668029A6AB9700219FFD /* CurrentMealCell.swift */; };
		2EE1668329A6ABBB00219FFD /* FamilyMemberCell.swift in Sources */ = {isa = PBXBuildFile; fileRef = 2EE1668229A6ABBB00219FFD /* FamilyMemberCell.swift */; };
		2EE1668529A6ABDE00219FFD /* MealsCollectionCell.swift in Sources */ = {isa = PBXBuildFile; fileRef = 2EE1668429A6ABDE00219FFD /* MealsCollectionCell.swift */; };
/* End PBXBuildFile section */

/* Begin PBXFileReference section */
		2E18CBDE29AABFDF000AB74F /* AddNewMealCell.swift */ = {isa = PBXFileReference; lastKnownFileType = sourcecode.swift; path = AddNewMealCell.swift; sourceTree = "<group>"; };
		2E18CBDF29AABFDF000AB74F /* AddNewMealCell.xib */ = {isa = PBXFileReference; lastKnownFileType = file.xib; path = AddNewMealCell.xib; sourceTree = "<group>"; };
		2E53D97029A5A91C0090B7D5 /* AddMealViewController.swift */ = {isa = PBXFileReference; lastKnownFileType = sourcecode.swift; path = AddMealViewController.swift; sourceTree = "<group>"; };
		2E7B597B29A5636B00F2A30C /* Dinner Time.app */ = {isa = PBXFileReference; explicitFileType = wrapper.application; includeInIndex = 0; path = "Dinner Time.app"; sourceTree = BUILT_PRODUCTS_DIR; };
		2E7B597E29A5636B00F2A30C /* AppDelegate.swift */ = {isa = PBXFileReference; lastKnownFileType = sourcecode.swift; path = AppDelegate.swift; sourceTree = "<group>"; };
		2E7B598029A5636B00F2A30C /* SceneDelegate.swift */ = {isa = PBXFileReference; lastKnownFileType = sourcecode.swift; path = SceneDelegate.swift; sourceTree = "<group>"; };
		2E7B598529A5636B00F2A30C /* Base */ = {isa = PBXFileReference; lastKnownFileType = file.storyboard; name = Base; path = Base.lproj/Main.storyboard; sourceTree = "<group>"; };
		2E7B598829A5636B00F2A30C /* Dinner_Time.xcdatamodel */ = {isa = PBXFileReference; lastKnownFileType = wrapper.xcdatamodel; path = Dinner_Time.xcdatamodel; sourceTree = "<group>"; };
		2E7B598A29A5636C00F2A30C /* Assets.xcassets */ = {isa = PBXFileReference; lastKnownFileType = folder.assetcatalog; path = Assets.xcassets; sourceTree = "<group>"; };
		2E7B598D29A5636C00F2A30C /* Base */ = {isa = PBXFileReference; lastKnownFileType = file.storyboard; name = Base; path = Base.lproj/LaunchScreen.storyboard; sourceTree = "<group>"; };
		2E7B598F29A5636C00F2A30C /* Info.plist */ = {isa = PBXFileReference; lastKnownFileType = text.plist.xml; path = Info.plist; sourceTree = "<group>"; };
		2E7B599929A566B600F2A30C /* Dinner Time-Bridging-Header.h */ = {isa = PBXFileReference; lastKnownFileType = sourcecode.c.h; path = "Dinner Time-Bridging-Header.h"; sourceTree = "<group>"; };
		2E7B599B29A566B600F2A30C /* SWRevealViewController.m */ = {isa = PBXFileReference; fileEncoding = 4; lastKnownFileType = sourcecode.c.objc; path = SWRevealViewController.m; sourceTree = "<group>"; };
		2E7B599C29A566B600F2A30C /* SWRevealViewController.h */ = {isa = PBXFileReference; fileEncoding = 4; lastKnownFileType = sourcecode.c.h; path = SWRevealViewController.h; sourceTree = "<group>"; };
		2E7B599E29A5679700F2A30C /* FamilyMemberViewController.swift */ = {isa = PBXFileReference; lastKnownFileType = sourcecode.swift; path = FamilyMemberViewController.swift; sourceTree = "<group>"; };
		2E7B59A029A567A100F2A30C /* CollectionViewController.swift */ = {isa = PBXFileReference; lastKnownFileType = sourcecode.swift; path = CollectionViewController.swift; sourceTree = "<group>"; };
		2E7B59A229A56DA000F2A30C /* MealViewController.swift */ = {isa = PBXFileReference; lastKnownFileType = sourcecode.swift; path = MealViewController.swift; sourceTree = "<group>"; };
		2E9ED4A929A7FFAE00F8F054 /* SaveLoadData.swift */ = {isa = PBXFileReference; lastKnownFileType = sourcecode.swift; path = SaveLoadData.swift; sourceTree = "<group>"; };
		2EE1668029A6AB9700219FFD /* CurrentMealCell.swift */ = {isa = PBXFileReference; lastKnownFileType = sourcecode.swift; path = CurrentMealCell.swift; sourceTree = "<group>"; };
		2EE1668229A6ABBB00219FFD /* FamilyMemberCell.swift */ = {isa = PBXFileReference; lastKnownFileType = sourcecode.swift; path = FamilyMemberCell.swift; sourceTree = "<group>"; };
		2EE1668429A6ABDE00219FFD /* MealsCollectionCell.swift */ = {isa = PBXFileReference; lastKnownFileType = sourcecode.swift; path = MealsCollectionCell.swift; sourceTree = "<group>"; };
/* End PBXFileReference section */

/* Begin PBXFrameworksBuildPhase section */
		2E7B597829A5636B00F2A30C /* Frameworks */ = {
			isa = PBXFrameworksBuildPhase;
			buildActionMask = 2147483647;
			files = (
			);
			runOnlyForDeploymentPostprocessing = 0;
		};
/* End PBXFrameworksBuildPhase section */

/* Begin PBXGroup section */
		2E7B597229A5636B00F2A30C = {
			isa = PBXGroup;
			children = (
				2E7B597D29A5636B00F2A30C /* Dinner Time */,
				2E7B597C29A5636B00F2A30C /* Products */,
			);
			sourceTree = "<group>";
		};
		2E7B597C29A5636B00F2A30C /* Products */ = {
			isa = PBXGroup;
			children = (
				2E7B597B29A5636B00F2A30C /* Dinner Time.app */,
			);
			name = Products;
			sourceTree = "<group>";
		};
		2E7B597D29A5636B00F2A30C /* Dinner Time */ = {
			isa = PBXGroup;
			children = (
				2E9ED4A829A7FFA200F8F054 /* Utilities */,
				2E7B599829A5664500F2A30C /* Models */,
				2E7B599729A5664100F2A30C /* Controllers */,
				2E7B599629A5663F00F2A30C /* Views */,
				2E7B599529A5663800F2A30C /* Supporting Files */,
				2E7B597E29A5636B00F2A30C /* AppDelegate.swift */,
				2E7B598029A5636B00F2A30C /* SceneDelegate.swift */,
				2E7B598429A5636B00F2A30C /* Main.storyboard */,
				2E7B598A29A5636C00F2A30C /* Assets.xcassets */,
				2E7B598C29A5636C00F2A30C /* LaunchScreen.storyboard */,
				2E7B598F29A5636C00F2A30C /* Info.plist */,
				2E7B598729A5636B00F2A30C /* Dinner_Time.xcdatamodeld */,
			);
			path = "Dinner Time";
			sourceTree = "<group>";
		};
		2E7B599529A5663800F2A30C /* Supporting Files */ = {
			isa = PBXGroup;
			children = (
				2E7B599C29A566B600F2A30C /* SWRevealViewController.h */,
				2E7B599B29A566B600F2A30C /* SWRevealViewController.m */,
				2E7B599929A566B600F2A30C /* Dinner Time-Bridging-Header.h */,
			);
			path = "Supporting Files";
			sourceTree = "<group>";
		};
		2E7B599629A5663F00F2A30C /* Views */ = {
			isa = PBXGroup;
			children = (
			);
			path = Views;
			sourceTree = "<group>";
		};
		2E7B599729A5664100F2A30C /* Controllers */ = {
			isa = PBXGroup;
			children = (
				2E7B599E29A5679700F2A30C /* FamilyMemberViewController.swift */,
				2E7B59A029A567A100F2A30C /* CollectionViewController.swift */,
				2E7B59A229A56DA000F2A30C /* MealViewController.swift */,
				2E53D97029A5A91C0090B7D5 /* AddMealViewController.swift */,
			);
			path = Controllers;
			sourceTree = "<group>";
		};
		2E7B599829A5664500F2A30C /* Models */ = {
			isa = PBXGroup;
			children = (
				2EE1668029A6AB9700219FFD /* CurrentMealCell.swift */,
				2EE1668229A6ABBB00219FFD /* FamilyMemberCell.swift */,
				2EE1668429A6ABDE00219FFD /* MealsCollectionCell.swift */,
				2E18CBDE29AABFDF000AB74F /* AddNewMealCell.swift */,
				2E18CBDF29AABFDF000AB74F /* AddNewMealCell.xib */,
			);
			path = Models;
			sourceTree = "<group>";
		};
		2E9ED4A829A7FFA200F8F054 /* Utilities */ = {
			isa = PBXGroup;
			children = (
				2E9ED4A929A7FFAE00F8F054 /* SaveLoadData.swift */,
			);
			path = Utilities;
			sourceTree = "<group>";
		};
/* End PBXGroup section */

/* Begin PBXNativeTarget section */
		2E7B597A29A5636B00F2A30C /* Dinner Time */ = {
			isa = PBXNativeTarget;
			buildConfigurationList = 2E7B599229A5636C00F2A30C /* Build configuration list for PBXNativeTarget "Dinner Time" */;
			buildPhases = (
				2E7B597729A5636B00F2A30C /* Sources */,
				2E7B597829A5636B00F2A30C /* Frameworks */,
				2E7B597929A5636B00F2A30C /* Resources */,
			);
			buildRules = (
			);
			dependencies = (
			);
			name = "Dinner Time";
			productName = "Dinner Time";
			productReference = 2E7B597B29A5636B00F2A30C /* Dinner Time.app */;
			productType = "com.apple.product-type.application";
		};
/* End PBXNativeTarget section */

/* Begin PBXProject section */
		2E7B597329A5636B00F2A30C /* Project object */ = {
			isa = PBXProject;
			attributes = {
				BuildIndependentTargetsInParallel = 1;
				LastSwiftUpdateCheck = 1420;
				LastUpgradeCheck = 1420;
				TargetAttributes = {
					2E7B597A29A5636B00F2A30C = {
						CreatedOnToolsVersion = 14.2;
						LastSwiftMigration = 1420;
					};
				};
			};
			buildConfigurationList = 2E7B597629A5636B00F2A30C /* Build configuration list for PBXProject "Dinner Time" */;
			compatibilityVersion = "Xcode 14.0";
			developmentRegion = en;
			hasScannedForEncodings = 0;
			knownRegions = (
				en,
				Base,
			);
			mainGroup = 2E7B597229A5636B00F2A30C;
			productRefGroup = 2E7B597C29A5636B00F2A30C /* Products */;
			projectDirPath = "";
			projectRoot = "";
			targets = (
				2E7B597A29A5636B00F2A30C /* Dinner Time */,
			);
		};
/* End PBXProject section */

/* Begin PBXResourcesBuildPhase section */
		2E7B597929A5636B00F2A30C /* Resources */ = {
			isa = PBXResourcesBuildPhase;
			buildActionMask = 2147483647;
			files = (
				2E7B598E29A5636C00F2A30C /* LaunchScreen.storyboard in Resources */,
				2E18CBE129AABFDF000AB74F /* AddNewMealCell.xib in Resources */,
				2E7B598B29A5636C00F2A30C /* Assets.xcassets in Resources */,
				2E7B598629A5636B00F2A30C /* Main.storyboard in Resources */,
			);
			runOnlyForDeploymentPostprocessing = 0;
		};
/* End PBXResourcesBuildPhase section */

/* Begin PBXSourcesBuildPhase section */
		2E7B597729A5636B00F2A30C /* Sources */ = {
			isa = PBXSourcesBuildPhase;
			buildActionMask = 2147483647;
			files = (
				2E7B59A329A56DA000F2A30C /* MealViewController.swift in Sources */,
				2E7B597F29A5636B00F2A30C /* AppDelegate.swift in Sources */,
				2EE1668529A6ABDE00219FFD /* MealsCollectionCell.swift in Sources */,
				2E53D97129A5A91C0090B7D5 /* AddMealViewController.swift in Sources */,
				2EE1668129A6AB9700219FFD /* CurrentMealCell.swift in Sources */,
				2E7B599D29A566B600F2A30C /* SWRevealViewController.m in Sources */,
				2EE1668329A6ABBB00219FFD /* FamilyMemberCell.swift in Sources */,
				2E7B598929A5636B00F2A30C /* Dinner_Time.xcdatamodeld in Sources */,
				2E7B59A129A567A100F2A30C /* CollectionViewController.swift in Sources */,
				2E9ED4AA29A7FFAE00F8F054 /* SaveLoadData.swift in Sources */,
				2E7B599F29A5679700F2A30C /* FamilyMemberViewController.swift in Sources */,
				2E7B598129A5636B00F2A30C /* SceneDelegate.swift in Sources */,
				2E18CBE029AABFDF000AB74F /* AddNewMealCell.swift in Sources */,
			);
			runOnlyForDeploymentPostprocessing = 0;
		};
/* End PBXSourcesBuildPhase section */

/* Begin PBXVariantGroup section */
		2E7B598429A5636B00F2A30C /* Main.storyboard */ = {
			isa = PBXVariantGroup;
			children = (
				2E7B598529A5636B00F2A30C /* Base */,
			);
			name = Main.storyboard;
			sourceTree = "<group>";
		};
		2E7B598C29A5636C00F2A30C /* LaunchScreen.storyboard */ = {
			isa = PBXVariantGroup;
			children = (
				2E7B598D29A5636C00F2A30C /* Base */,
			);
			name = LaunchScreen.storyboard;
			sourceTree = "<group>";
		};
/* End PBXVariantGroup section */

/* Begin XCBuildConfiguration section */
		2E7B599029A5636C00F2A30C /* Debug */ = {
			isa = XCBuildConfiguration;
			buildSettings = {
				ALWAYS_SEARCH_USER_PATHS = NO;
				CLANG_ANALYZER_NONNULL = YES;
				CLANG_ANALYZER_NUMBER_OBJECT_CONVERSION = YES_AGGRESSIVE;
				CLANG_CXX_LANGUAGE_STANDARD = "gnu++20";
				CLANG_ENABLE_MODULES = YES;
				CLANG_ENABLE_OBJC_ARC = YES;
				CLANG_ENABLE_OBJC_WEAK = YES;
				CLANG_WARN_BLOCK_CAPTURE_AUTORELEASING = YES;
				CLANG_WARN_BOOL_CONVERSION = YES;
				CLANG_WARN_COMMA = YES;
				CLANG_WARN_CONSTANT_CONVERSION = YES;
				CLANG_WARN_DEPRECATED_OBJC_IMPLEMENTATIONS = YES;
				CLANG_WARN_DIRECT_OBJC_ISA_USAGE = YES_ERROR;
				CLANG_WARN_DOCUMENTATION_COMMENTS = YES;
				CLANG_WARN_EMPTY_BODY = YES;
				CLANG_WARN_ENUM_CONVERSION = YES;
				CLANG_WARN_INFINITE_RECURSION = YES;
				CLANG_WARN_INT_CONVERSION = YES;
				CLANG_WARN_NON_LITERAL_NULL_CONVERSION = YES;
				CLANG_WARN_OBJC_IMPLICIT_RETAIN_SELF = YES;
				CLANG_WARN_OBJC_LITERAL_CONVERSION = YES;
				CLANG_WARN_OBJC_ROOT_CLASS = YES_ERROR;
				CLANG_WARN_QUOTED_INCLUDE_IN_FRAMEWORK_HEADER = YES;
				CLANG_WARN_RANGE_LOOP_ANALYSIS = YES;
				CLANG_WARN_STRICT_PROTOTYPES = YES;
				CLANG_WARN_SUSPICIOUS_MOVE = YES;
				CLANG_WARN_UNGUARDED_AVAILABILITY = YES_AGGRESSIVE;
				CLANG_WARN_UNREACHABLE_CODE = YES;
				CLANG_WARN__DUPLICATE_METHOD_MATCH = YES;
				COPY_PHASE_STRIP = NO;
				DEBUG_INFORMATION_FORMAT = dwarf;
				ENABLE_STRICT_OBJC_MSGSEND = YES;
				ENABLE_TESTABILITY = YES;
				GCC_C_LANGUAGE_STANDARD = gnu11;
				GCC_DYNAMIC_NO_PIC = NO;
				GCC_NO_COMMON_BLOCKS = YES;
				GCC_OPTIMIZATION_LEVEL = 0;
				GCC_PREPROCESSOR_DEFINITIONS = (
					"DEBUG=1",
					"$(inherited)",
				);
				GCC_WARN_64_TO_32_BIT_CONVERSION = YES;
				GCC_WARN_ABOUT_RETURN_TYPE = YES_ERROR;
				GCC_WARN_UNDECLARED_SELECTOR = YES;
				GCC_WARN_UNINITIALIZED_AUTOS = YES_AGGRESSIVE;
				GCC_WARN_UNUSED_FUNCTION = YES;
				GCC_WARN_UNUSED_VARIABLE = YES;
				IPHONEOS_DEPLOYMENT_TARGET = 16.2;
				MTL_ENABLE_DEBUG_INFO = INCLUDE_SOURCE;
				MTL_FAST_MATH = YES;
				ONLY_ACTIVE_ARCH = YES;
				SDKROOT = iphoneos;
				SWIFT_ACTIVE_COMPILATION_CONDITIONS = DEBUG;
				SWIFT_OPTIMIZATION_LEVEL = "-Onone";
			};
			name = Debug;
		};
		2E7B599129A5636C00F2A30C /* Release */ = {
			isa = XCBuildConfiguration;
			buildSettings = {
				ALWAYS_SEARCH_USER_PATHS = NO;
				CLANG_ANALYZER_NONNULL = YES;
				CLANG_ANALYZER_NUMBER_OBJECT_CONVERSION = YES_AGGRESSIVE;
				CLANG_CXX_LANGUAGE_STANDARD = "gnu++20";
				CLANG_ENABLE_MODULES = YES;
				CLANG_ENABLE_OBJC_ARC = YES;
				CLANG_ENABLE_OBJC_WEAK = YES;
				CLANG_WARN_BLOCK_CAPTURE_AUTORELEASING = YES;
				CLANG_WARN_BOOL_CONVERSION = YES;
				CLANG_WARN_COMMA = YES;
				CLANG_WARN_CONSTANT_CONVERSION = YES;
				CLANG_WARN_DEPRECATED_OBJC_IMPLEMENTATIONS = YES;
				CLANG_WARN_DIRECT_OBJC_ISA_USAGE = YES_ERROR;
				CLANG_WARN_DOCUMENTATION_COMMENTS = YES;
				CLANG_WARN_EMPTY_BODY = YES;
				CLANG_WARN_ENUM_CONVERSION = YES;
				CLANG_WARN_INFINITE_RECURSION = YES;
				CLANG_WARN_INT_CONVERSION = YES;
				CLANG_WARN_NON_LITERAL_NULL_CONVERSION = YES;
				CLANG_WARN_OBJC_IMPLICIT_RETAIN_SELF = YES;
				CLANG_WARN_OBJC_LITERAL_CONVERSION = YES;
				CLANG_WARN_OBJC_ROOT_CLASS = YES_ERROR;
				CLANG_WARN_QUOTED_INCLUDE_IN_FRAMEWORK_HEADER = YES;
				CLANG_WARN_RANGE_LOOP_ANALYSIS = YES;
				CLANG_WARN_STRICT_PROTOTYPES = YES;
				CLANG_WARN_SUSPICIOUS_MOVE = YES;
				CLANG_WARN_UNGUARDED_AVAILABILITY = YES_AGGRESSIVE;
				CLANG_WARN_UNREACHABLE_CODE = YES;
				CLANG_WARN__DUPLICATE_METHOD_MATCH = YES;
				COPY_PHASE_STRIP = NO;
				DEBUG_INFORMATION_FORMAT = "dwarf-with-dsym";
				ENABLE_NS_ASSERTIONS = NO;
				ENABLE_STRICT_OBJC_MSGSEND = YES;
				GCC_C_LANGUAGE_STANDARD = gnu11;
				GCC_NO_COMMON_BLOCKS = YES;
				GCC_WARN_64_TO_32_BIT_CONVERSION = YES;
				GCC_WARN_ABOUT_RETURN_TYPE = YES_ERROR;
				GCC_WARN_UNDECLARED_SELECTOR = YES;
				GCC_WARN_UNINITIALIZED_AUTOS = YES_AGGRESSIVE;
				GCC_WARN_UNUSED_FUNCTION = YES;
				GCC_WARN_UNUSED_VARIABLE = YES;
				IPHONEOS_DEPLOYMENT_TARGET = 16.2;
				MTL_ENABLE_DEBUG_INFO = NO;
				MTL_FAST_MATH = YES;
				SDKROOT = iphoneos;
				SWIFT_COMPILATION_MODE = wholemodule;
				SWIFT_OPTIMIZATION_LEVEL = "-O";
				VALIDATE_PRODUCT = YES;
			};
			name = Release;
		};
		2E7B599329A5636C00F2A30C /* Debug */ = {
			isa = XCBuildConfiguration;
			buildSettings = {
				ASSETCATALOG_COMPILER_APPICON_NAME = AppIcon;
				ASSETCATALOG_COMPILER_GLOBAL_ACCENT_COLOR_NAME = AccentColor;
				CLANG_ENABLE_MODULES = YES;
				CODE_SIGN_STYLE = Automatic;
				CURRENT_PROJECT_VERSION = 1;
				DEVELOPMENT_TEAM = 4224Q87F2F;
				GENERATE_INFOPLIST_FILE = YES;
				INFOPLIST_FILE = "Dinner Time/Info.plist";
				INFOPLIST_KEY_UIApplicationSupportsIndirectInputEvents = YES;
				INFOPLIST_KEY_UILaunchStoryboardName = LaunchScreen;
				INFOPLIST_KEY_UIMainStoryboardFile = Main;
				INFOPLIST_KEY_UISupportedInterfaceOrientations = UIInterfaceOrientationPortrait;
				LD_RUNPATH_SEARCH_PATHS = (
					"$(inherited)",
					"@executable_path/Frameworks",
				);
				MARKETING_VERSION = 1.0;
				PRODUCT_BUNDLE_IDENTIFIER = "com.bengauger.Dinner-Time";
				PRODUCT_NAME = "$(TARGET_NAME)";
				SWIFT_EMIT_LOC_STRINGS = YES;
				SWIFT_OBJC_BRIDGING_HEADER = "Dinner Time/Supporting Files/Dinner Time-Bridging-Header.h";
				SWIFT_OPTIMIZATION_LEVEL = "-Onone";
				SWIFT_VERSION = 5.0;
				TARGETED_DEVICE_FAMILY = "1,2";
			};
			name = Debug;
		};
		2E7B599429A5636C00F2A30C /* Release */ = {
			isa = XCBuildConfiguration;
			buildSettings = {
				ASSETCATALOG_COMPILER_APPICON_NAME = AppIcon;
				ASSETCATALOG_COMPILER_GLOBAL_ACCENT_COLOR_NAME = AccentColor;
				CLANG_ENABLE_MODULES = YES;
				CODE_SIGN_STYLE = Automatic;
				CURRENT_PROJECT_VERSION = 1;
				DEVELOPMENT_TEAM = 4224Q87F2F;
				GENERATE_INFOPLIST_FILE = YES;
				INFOPLIST_FILE = "Dinner Time/Info.plist";
				INFOPLIST_KEY_UIApplicationSupportsIndirectInputEvents = YES;
				INFOPLIST_KEY_UILaunchStoryboardName = LaunchScreen;
				INFOPLIST_KEY_UIMainStoryboardFile = Main;
				INFOPLIST_KEY_UISupportedInterfaceOrientations = UIInterfaceOrientationPortrait;
				LD_RUNPATH_SEARCH_PATHS = (
					"$(inherited)",
					"@executable_path/Frameworks",
				);
				MARKETING_VERSION = 1.0;
				PRODUCT_BUNDLE_IDENTIFIER = "com.bengauger.Dinner-Time";
				PRODUCT_NAME = "$(TARGET_NAME)";
				SWIFT_EMIT_LOC_STRINGS = YES;
				SWIFT_OBJC_BRIDGING_HEADER = "Dinner Time/Supporting Files/Dinner Time-Bridging-Header.h";
				SWIFT_VERSION = 5.0;
				TARGETED_DEVICE_FAMILY = "1,2";
			};
			name = Release;
		};
/* End XCBuildConfiguration section */

/* Begin XCConfigurationList section */
		2E7B597629A5636B00F2A30C /* Build configuration list for PBXProject "Dinner Time" */ = {
			isa = XCConfigurationList;
			buildConfigurations = (
				2E7B599029A5636C00F2A30C /* Debug */,
				2E7B599129A5636C00F2A30C /* Release */,
			);
			defaultConfigurationIsVisible = 0;
			defaultConfigurationName = Release;
		};
		2E7B599229A5636C00F2A30C /* Build configuration list for PBXNativeTarget "Dinner Time" */ = {
			isa = XCConfigurationList;
			buildConfigurations = (
				2E7B599329A5636C00F2A30C /* Debug */,
				2E7B599429A5636C00F2A30C /* Release */,
			);
			defaultConfigurationIsVisible = 0;
			defaultConfigurationName = Release;
		};
/* End XCConfigurationList section */

/* Begin XCVersionGroup section */
		2E7B598729A5636B00F2A30C /* Dinner_Time.xcdatamodeld */ = {
			isa = XCVersionGroup;
			children = (
				2E7B598829A5636B00F2A30C /* Dinner_Time.xcdatamodel */,
			);
			currentVersion = 2E7B598829A5636B00F2A30C /* Dinner_Time.xcdatamodel */;
			path = Dinner_Time.xcdatamodeld;
			sourceTree = "<group>";
			versionGroupType = wrapper.xcdatamodel;
		};
/* End XCVersionGroup section */
	};
	rootObject = 2E7B597329A5636B00F2A30C /* Project object */;
}
